// !$*UTF8*$!
{
	archiveVersion = 1;
	classes = {
	};
	objectVersion = 45;
	objects = {

/* Begin PBXBuildFile section */
		3A3ADFEE0F63FC7A00927C4A /* EyeRepositorySyncOperation.m in Sources */ = {isa = PBXBuildFile; fileRef = 3A3ADFED0F63FC7A00927C4A /* EyeRepositorySyncOperation.m */; };
		3A3ADFF10F6401A600927C4A /* EyeRepositoryOperation.m in Sources */ = {isa = PBXBuildFile; fileRef = 3A3ADFF00F6401A600927C4A /* EyeRepositoryOperation.m */; };
		3A3ADFF40F64020E00927C4A /* EyeRepositoryInitOperation.m in Sources */ = {isa = PBXBuildFile; fileRef = 3A3ADFF30F64020E00927C4A /* EyeRepositoryInitOperation.m */; };
		3A3ADFF70F6407EF00927C4A /* EyeRepositoryCommitOperation.m in Sources */ = {isa = PBXBuildFile; fileRef = 3A3ADFF60F6407EF00927C4A /* EyeRepositoryCommitOperation.m */; };
		3A4F679E0E2A6E36002C19C2 /* NSTask+EyeAdditions.m in Sources */ = {isa = PBXBuildFile; fileRef = 3A4F679D0E2A6E36002C19C2 /* NSTask+EyeAdditions.m */; };
		3A4F67F60E2A7C90002C19C2 /* logging.c in Sources */ = {isa = PBXBuildFile; fileRef = 3A4F67F50E2A7C90002C19C2 /* logging.c */; };
		3A653B490DEB6DF100B15BE6 /* NSError+EyeAdditions.m in Sources */ = {isa = PBXBuildFile; fileRef = 3A653B470DEB6DF100B15BE6 /* NSError+EyeAdditions.m */; };
		3AEF422D0DD25E2C00ECEAC9 /* main.m in Sources */ = {isa = PBXBuildFile; fileRef = 3AEF422C0DD25E2C00ECEAC9 /* main.m */; };
		3AEF430A0DD25F9500ECEAC9 /* EyeException.m in Sources */ = {isa = PBXBuildFile; fileRef = 3AEF43090DD25F9500ECEAC9 /* EyeException.m */; };
		3AEF430C0DD25FC800ECEAC9 /* ExceptionHandling.framework in Frameworks */ = {isa = PBXBuildFile; fileRef = 3AEF430B0DD25FC800ECEAC9 /* ExceptionHandling.framework */; };
		3AEF43120DD2604D00ECEAC9 /* Cocoa.framework in Frameworks */ = {isa = PBXBuildFile; fileRef = 3AEF43110DD2604D00ECEAC9 /* Cocoa.framework */; };
		3AEF431B0DD262A800ECEAC9 /* EyeMonitor.m in Sources */ = {isa = PBXBuildFile; fileRef = 3AEF431A0DD262A800ECEAC9 /* EyeMonitor.m */; };
		3AEF431F0DD263F700ECEAC9 /* constants.m in Sources */ = {isa = PBXBuildFile; fileRef = 3AEF431E0DD263F700ECEAC9 /* constants.m */; };
		3AEF43D00DD2724B00ECEAC9 /* EyeMonitoredRepository.m in Sources */ = {isa = PBXBuildFile; fileRef = 3AEF43CF0DD2724B00ECEAC9 /* EyeMonitoredRepository.m */; };
		3AEF44090DD27CE500ECEAC9 /* EyeMonitored.m in Sources */ = {isa = PBXBuildFile; fileRef = 3AEF44080DD27CE500ECEAC9 /* EyeMonitored.m */; };
		3AEF440C0DD27DD100ECEAC9 /* EyeMonitoredConfiguration.m in Sources */ = {isa = PBXBuildFile; fileRef = 3AEF440B0DD27DD100ECEAC9 /* EyeMonitoredConfiguration.m */; };
		8DD76F890486A9BA00D96B5E /* CoreServices.framework in Frameworks */ = {isa = PBXBuildFile; fileRef = 097DBE83FE8419DDC02AAC07 /* CoreServices.framework */; };
		8DD76F8C0486A9BA00D96B5E /* eyed.1 in CopyFiles */ = {isa = PBXBuildFile; fileRef = C6859E9D0290929804C91782 /* eyed.1 */; };
/* End PBXBuildFile section */

/* Begin PBXCopyFilesBuildPhase section */
		8DD76F8B0486A9BA00D96B5E /* CopyFiles */ = {
			isa = PBXCopyFilesBuildPhase;
			buildActionMask = 8;
			dstPath = /usr/share/man/man1/;
			dstSubfolderSpec = 0;
			files = (
				8DD76F8C0486A9BA00D96B5E /* eyed.1 in CopyFiles */,
			);
			runOnlyForDeploymentPostprocessing = 1;
		};
/* End PBXCopyFilesBuildPhase section */

/* Begin PBXFileReference section */
		097DBE83FE8419DDC02AAC07 /* CoreServices.framework */ = {isa = PBXFileReference; lastKnownFileType = wrapper.framework; name = CoreServices.framework; path = /System/Library/Frameworks/CoreServices.framework; sourceTree = "<absolute>"; };
		3A3ADFEC0F63FC7A00927C4A /* EyeRepositorySyncOperation.h */ = {isa = PBXFileReference; fileEncoding = 4; lastKnownFileType = sourcecode.c.h; path = EyeRepositorySyncOperation.h; sourceTree = "<group>"; };
		3A3ADFED0F63FC7A00927C4A /* EyeRepositorySyncOperation.m */ = {isa = PBXFileReference; fileEncoding = 4; lastKnownFileType = sourcecode.c.objc; path = EyeRepositorySyncOperation.m; sourceTree = "<group>"; };
		3A3ADFEF0F6401A600927C4A /* EyeRepositoryOperation.h */ = {isa = PBXFileReference; fileEncoding = 4; lastKnownFileType = sourcecode.c.h; path = EyeRepositoryOperation.h; sourceTree = "<group>"; };
		3A3ADFF00F6401A600927C4A /* EyeRepositoryOperation.m */ = {isa = PBXFileReference; fileEncoding = 4; lastKnownFileType = sourcecode.c.objc; path = EyeRepositoryOperation.m; sourceTree = "<group>"; };
		3A3ADFF20F64020E00927C4A /* EyeRepositoryInitOperation.h */ = {isa = PBXFileReference; fileEncoding = 4; lastKnownFileType = sourcecode.c.h; path = EyeRepositoryInitOperation.h; sourceTree = "<group>"; };
		3A3ADFF30F64020E00927C4A /* EyeRepositoryInitOperation.m */ = {isa = PBXFileReference; fileEncoding = 4; lastKnownFileType = sourcecode.c.objc; path = EyeRepositoryInitOperation.m; sourceTree = "<group>"; };
		3A3ADFF50F6407EF00927C4A /* EyeRepositoryCommitOperation.h */ = {isa = PBXFileReference; fileEncoding = 4; lastKnownFileType = sourcecode.c.h; path = EyeRepositoryCommitOperation.h; sourceTree = "<group>"; };
		3A3ADFF60F6407EF00927C4A /* EyeRepositoryCommitOperation.m */ = {isa = PBXFileReference; fileEncoding = 4; lastKnownFileType = sourcecode.c.objc; path = EyeRepositoryCommitOperation.m; sourceTree = "<group>"; };
		3A4F679C0E2A6E36002C19C2 /* NSTask+EyeAdditions.h */ = {isa = PBXFileReference; fileEncoding = 4; lastKnownFileType = sourcecode.c.h; path = "NSTask+EyeAdditions.h"; sourceTree = "<group>"; };
		3A4F679D0E2A6E36002C19C2 /* NSTask+EyeAdditions.m */ = {isa = PBXFileReference; fileEncoding = 4; lastKnownFileType = sourcecode.c.objc; path = "NSTask+EyeAdditions.m"; sourceTree = "<group>"; };
		3A4F67EF0E2A7935002C19C2 /* logging.h */ = {isa = PBXFileReference; fileEncoding = 4; lastKnownFileType = sourcecode.c.h; path = logging.h; sourceTree = "<group>"; };
		3A4F67F50E2A7C90002C19C2 /* logging.c */ = {isa = PBXFileReference; fileEncoding = 4; lastKnownFileType = sourcecode.c.c; path = logging.c; sourceTree = "<group>"; };
		3A653B470DEB6DF100B15BE6 /* NSError+EyeAdditions.m */ = {isa = PBXFileReference; fileEncoding = 4; lastKnownFileType = sourcecode.c.objc; path = "NSError+EyeAdditions.m"; sourceTree = "<group>"; };
		3A653B480DEB6DF100B15BE6 /* NSError+EyeAdditions.h */ = {isa = PBXFileReference; fileEncoding = 4; lastKnownFileType = sourcecode.c.h; path = "NSError+EyeAdditions.h"; sourceTree = "<group>"; };
		3A9EB5750DCEE45B00A4BEC7 /* eyed.c */ = {isa = PBXFileReference; fileEncoding = 4; lastKnownFileType = sourcecode.c.c; path = eyed.c; sourceTree = "<group>"; };
		3AB73D100E7869E3009A419E /* macros.h */ = {isa = PBXFileReference; fileEncoding = 4; lastKnownFileType = sourcecode.c.h; path = macros.h; sourceTree = "<group>"; };
		3AEF422C0DD25E2C00ECEAC9 /* main.m */ = {isa = PBXFileReference; fileEncoding = 4; lastKnownFileType = sourcecode.c.objc; path = main.m; sourceTree = "<group>"; };
		3AEF43080DD25F9500ECEAC9 /* EyeException.h */ = {isa = PBXFileReference; fileEncoding = 4; lastKnownFileType = sourcecode.c.h; path = EyeException.h; sourceTree = "<group>"; };
		3AEF43090DD25F9500ECEAC9 /* EyeException.m */ = {isa = PBXFileReference; fileEncoding = 4; lastKnownFileType = sourcecode.c.objc; path = EyeException.m; sourceTree = "<group>"; };
		3AEF430B0DD25FC800ECEAC9 /* ExceptionHandling.framework */ = {isa = PBXFileReference; lastKnownFileType = wrapper.framework; name = ExceptionHandling.framework; path = /System/Library/Frameworks/ExceptionHandling.framework; sourceTree = "<absolute>"; };
		3AEF43110DD2604D00ECEAC9 /* Cocoa.framework */ = {isa = PBXFileReference; lastKnownFileType = wrapper.framework; name = Cocoa.framework; path = /System/Library/Frameworks/Cocoa.framework; sourceTree = "<absolute>"; };
		3AEF43170DD2606900ECEAC9 /* prefix.pch */ = {isa = PBXFileReference; fileEncoding = 4; lastKnownFileType = sourcecode.c.h; path = prefix.pch; sourceTree = "<group>"; };
		3AEF43190DD262A800ECEAC9 /* EyeMonitor.h */ = {isa = PBXFileReference; fileEncoding = 4; lastKnownFileType = sourcecode.c.h; path = EyeMonitor.h; sourceTree = "<group>"; };
		3AEF431A0DD262A800ECEAC9 /* EyeMonitor.m */ = {isa = PBXFileReference; fileEncoding = 4; lastKnownFileType = sourcecode.c.objc; path = EyeMonitor.m; sourceTree = "<group>"; };
		3AEF431D0DD263F700ECEAC9 /* constants.h */ = {isa = PBXFileReference; fileEncoding = 4; lastKnownFileType = sourcecode.c.h; path = constants.h; sourceTree = "<group>"; };
		3AEF431E0DD263F700ECEAC9 /* constants.m */ = {isa = PBXFileReference; fileEncoding = 4; lastKnownFileType = sourcecode.c.objc; path = constants.m; sourceTree = "<group>"; };
		3AEF43CE0DD2724B00ECEAC9 /* EyeMonitoredRepository.h */ = {isa = PBXFileReference; fileEncoding = 4; lastKnownFileType = sourcecode.c.h; path = EyeMonitoredRepository.h; sourceTree = "<group>"; };
		3AEF43CF0DD2724B00ECEAC9 /* EyeMonitoredRepository.m */ = {isa = PBXFileReference; fileEncoding = 4; lastKnownFileType = sourcecode.c.objc; path = EyeMonitoredRepository.m; sourceTree = "<group>"; };
		3AEF44070DD27CE500ECEAC9 /* EyeMonitored.h */ = {isa = PBXFileReference; fileEncoding = 4; lastKnownFileType = sourcecode.c.h; path = EyeMonitored.h; sourceTree = "<group>"; };
		3AEF44080DD27CE500ECEAC9 /* EyeMonitored.m */ = {isa = PBXFileReference; fileEncoding = 4; lastKnownFileType = sourcecode.c.objc; path = EyeMonitored.m; sourceTree = "<group>"; };
		3AEF440A0DD27DD100ECEAC9 /* EyeMonitoredConfiguration.h */ = {isa = PBXFileReference; fileEncoding = 4; lastKnownFileType = sourcecode.c.h; path = EyeMonitoredConfiguration.h; sourceTree = "<group>"; };
		3AEF440B0DD27DD100ECEAC9 /* EyeMonitoredConfiguration.m */ = {isa = PBXFileReference; fileEncoding = 4; lastKnownFileType = sourcecode.c.objc; path = EyeMonitoredConfiguration.m; sourceTree = "<group>"; };
		8DD76F8E0486A9BA00D96B5E /* eyed */ = {isa = PBXFileReference; explicitFileType = "compiled.mach-o.executable"; includeInIndex = 0; path = eyed; sourceTree = BUILT_PRODUCTS_DIR; };
		C6859E9D0290929804C91782 /* eyed.1 */ = {isa = PBXFileReference; lastKnownFileType = text.man; path = eyed.1; sourceTree = "<group>"; };
/* End PBXFileReference section */

/* Begin PBXFrameworksBuildPhase section */
		8DD76F880486A9BA00D96B5E /* Frameworks */ = {
			isa = PBXFrameworksBuildPhase;
			buildActionMask = 2147483647;
			files = (
				8DD76F890486A9BA00D96B5E /* CoreServices.framework in Frameworks */,
				3AEF430C0DD25FC800ECEAC9 /* ExceptionHandling.framework in Frameworks */,
				3AEF43120DD2604D00ECEAC9 /* Cocoa.framework in Frameworks */,
			);
			runOnlyForDeploymentPostprocessing = 0;
		};
/* End PBXFrameworksBuildPhase section */

/* Begin PBXGroup section */
		08FB7794FE84155DC02AAC07 /* eyed */ = {
			isa = PBXGroup;
			children = (
				3AEF431C0DD263C200ECEAC9 /* Source */,
				3AEF43070DD25F6500ECEAC9 /* Other */,
				3AEF424F0DD25F2E00ECEAC9 /* Frameworks */,
				1A8B4A8EFE9D542A11CA2CBB /* Products */,
			);
			name = eyed;
			sourceTree = "<group>";
		};
		1A8B4A8EFE9D542A11CA2CBB /* Products */ = {
			isa = PBXGroup;
			children = (
				8DD76F8E0486A9BA00D96B5E /* eyed */,
			);
			name = Products;
			sourceTree = "<group>";
		};
		3A3ADFEA0F63FC3400927C4A /* Operations */ = {
			isa = PBXGroup;
			children = (
				3A3ADFEF0F6401A600927C4A /* EyeRepositoryOperation.h */,
				3A3ADFF00F6401A600927C4A /* EyeRepositoryOperation.m */,
				3A3ADFEC0F63FC7A00927C4A /* EyeRepositorySyncOperation.h */,
				3A3ADFED0F63FC7A00927C4A /* EyeRepositorySyncOperation.m */,
				3A3ADFF20F64020E00927C4A /* EyeRepositoryInitOperation.h */,
				3A3ADFF30F64020E00927C4A /* EyeRepositoryInitOperation.m */,
				3A3ADFF50F6407EF00927C4A /* EyeRepositoryCommitOperation.h */,
				3A3ADFF60F6407EF00927C4A /* EyeRepositoryCommitOperation.m */,
			);
			name = Operations;
			sourceTree = "<group>";
		};
		3A4F67F80E2A7CB7002C19C2 /* Globals */ = {
			isa = PBXGroup;
			children = (
				3AEF43170DD2606900ECEAC9 /* prefix.pch */,
				3AB73D100E7869E3009A419E /* macros.h */,
				3AEF431D0DD263F700ECEAC9 /* constants.h */,
				3AEF431E0DD263F700ECEAC9 /* constants.m */,
				3A4F67EF0E2A7935002C19C2 /* logging.h */,
				3A4F67F50E2A7C90002C19C2 /* logging.c */,
			);
			name = Globals;
			sourceTree = "<group>";
		};
		3A653B4A0DEB6DF700B15BE6 /* NS Additions */ = {
			isa = PBXGroup;
			children = (
				3A653B480DEB6DF100B15BE6 /* NSError+EyeAdditions.h */,
				3A653B470DEB6DF100B15BE6 /* NSError+EyeAdditions.m */,
				3A4F679C0E2A6E36002C19C2 /* NSTask+EyeAdditions.h */,
				3A4F679D0E2A6E36002C19C2 /* NSTask+EyeAdditions.m */,
			);
			name = "NS Additions";
			sourceTree = "<group>";
		};
		3AEF424F0DD25F2E00ECEAC9 /* Frameworks */ = {
			isa = PBXGroup;
			children = (
				3AEF43110DD2604D00ECEAC9 /* Cocoa.framework */,
				3AEF430B0DD25FC800ECEAC9 /* ExceptionHandling.framework */,
				097DBE83FE8419DDC02AAC07 /* CoreServices.framework */,
			);
			name = Frameworks;
			sourceTree = "<group>";
		};
		3AEF43070DD25F6500ECEAC9 /* Other */ = {
			isa = PBXGroup;
			children = (
				3A9EB5750DCEE45B00A4BEC7 /* eyed.c */,
				C6859E9D0290929804C91782 /* eyed.1 */,
			);
			name = Other;
			sourceTree = "<group>";
		};
		3AEF431C0DD263C200ECEAC9 /* Source */ = {
			isa = PBXGroup;
			children = (
				3A4F67F80E2A7CB7002C19C2 /* Globals */,
				3A653B4A0DEB6DF700B15BE6 /* NS Additions */,
				3AEF44180DD27E3200ECEAC9 /* Monitored */,
				3A3ADFEA0F63FC3400927C4A /* Operations */,
				3AEF43190DD262A800ECEAC9 /* EyeMonitor.h */,
				3AEF431A0DD262A800ECEAC9 /* EyeMonitor.m */,
				3AEF43080DD25F9500ECEAC9 /* EyeException.h */,
				3AEF43090DD25F9500ECEAC9 /* EyeException.m */,
				3AEF422C0DD25E2C00ECEAC9 /* main.m */,
			);
			name = Source;
			sourceTree = "<group>";
		};
		3AEF44180DD27E3200ECEAC9 /* Monitored */ = {
			isa = PBXGroup;
			children = (
				3AEF44070DD27CE500ECEAC9 /* EyeMonitored.h */,
				3AEF44080DD27CE500ECEAC9 /* EyeMonitored.m */,
				3AEF440A0DD27DD100ECEAC9 /* EyeMonitoredConfiguration.h */,
				3AEF440B0DD27DD100ECEAC9 /* EyeMonitoredConfiguration.m */,
				3AEF43CE0DD2724B00ECEAC9 /* EyeMonitoredRepository.h */,
				3AEF43CF0DD2724B00ECEAC9 /* EyeMonitoredRepository.m */,
			);
			name = Monitored;
			sourceTree = "<group>";
		};
/* End PBXGroup section */

/* Begin PBXNativeTarget section */
		8DD76F840486A9BA00D96B5E /* eyed */ = {
			isa = PBXNativeTarget;
			buildConfigurationList = 1DEB925E08733DCF0010E9CD /* Build configuration list for PBXNativeTarget "eyed" */;
			buildPhases = (
				8DD76F860486A9BA00D96B5E /* Sources */,
				8DD76F880486A9BA00D96B5E /* Frameworks */,
				8DD76F8B0486A9BA00D96B5E /* CopyFiles */,
			);
			buildRules = (
			);
			dependencies = (
			);
			name = eyed;
			productInstallPath = "$(HOME)/bin";
			productName = eyed;
			productReference = 8DD76F8E0486A9BA00D96B5E /* eyed */;
			productType = "com.apple.product-type.tool";
		};
/* End PBXNativeTarget section */

/* Begin PBXProject section */
		08FB7793FE84155DC02AAC07 /* Project object */ = {
			isa = PBXProject;
			buildConfigurationList = 1DEB926208733DCF0010E9CD /* Build configuration list for PBXProject "eyed" */;
			compatibilityVersion = "Xcode 3.1";
			hasScannedForEncodings = 1;
			mainGroup = 08FB7794FE84155DC02AAC07 /* eyed */;
			projectDirPath = "";
			projectRoot = "";
			targets = (
				8DD76F840486A9BA00D96B5E /* eyed */,
			);
		};
/* End PBXProject section */

/* Begin PBXSourcesBuildPhase section */
		8DD76F860486A9BA00D96B5E /* Sources */ = {
			isa = PBXSourcesBuildPhase;
			buildActionMask = 2147483647;
			files = (
				3AEF422D0DD25E2C00ECEAC9 /* main.m in Sources */,
				3AEF430A0DD25F9500ECEAC9 /* EyeException.m in Sources */,
				3AEF431B0DD262A800ECEAC9 /* EyeMonitor.m in Sources */,
				3AEF431F0DD263F700ECEAC9 /* constants.m in Sources */,
				3AEF43D00DD2724B00ECEAC9 /* EyeMonitoredRepository.m in Sources */,
				3AEF44090DD27CE500ECEAC9 /* EyeMonitored.m in Sources */,
				3AEF440C0DD27DD100ECEAC9 /* EyeMonitoredConfiguration.m in Sources */,
				3A653B490DEB6DF100B15BE6 /* NSError+EyeAdditions.m in Sources */,
				3A4F679E0E2A6E36002C19C2 /* NSTask+EyeAdditions.m in Sources */,
				3A4F67F60E2A7C90002C19C2 /* logging.c in Sources */,
				3A3ADFEE0F63FC7A00927C4A /* EyeRepositorySyncOperation.m in Sources */,
				3A3ADFF10F6401A600927C4A /* EyeRepositoryOperation.m in Sources */,
				3A3ADFF40F64020E00927C4A /* EyeRepositoryInitOperation.m in Sources */,
				3A3ADFF70F6407EF00927C4A /* EyeRepositoryCommitOperation.m in Sources */,
			);
			runOnlyForDeploymentPostprocessing = 0;
		};
/* End PBXSourcesBuildPhase section */

/* Begin XCBuildConfiguration section */
		1DEB925F08733DCF0010E9CD /* Debug */ = {
			isa = XCBuildConfiguration;
			buildSettings = {
				ALWAYS_SEARCH_USER_PATHS = NO;
				COPY_PHASE_STRIP = NO;
				GCC_C_LANGUAGE_STANDARD = gnu99;
				GCC_DYNAMIC_NO_PIC = NO;
				GCC_ENABLE_FIX_AND_CONTINUE = YES;
				GCC_ENABLE_OBJC_GC = supported;
				GCC_MODEL_TUNING = G5;
				GCC_OPTIMIZATION_LEVEL = 0;
				GCC_PRECOMPILE_PREFIX_HEADER = YES;
				GCC_PREFIX_HEADER = prefix.pch;
				GCC_PREPROCESSOR_DEFINITIONS = DEBUG;
				INSTALL_PATH = /usr/local/bin;
				PRODUCT_NAME = eyed;
			};
			name = Debug;
		};
		1DEB926008733DCF0010E9CD /* Release */ = {
			isa = XCBuildConfiguration;
			buildSettings = {
				ALWAYS_SEARCH_USER_PATHS = NO;
				DEBUG_INFORMATION_FORMAT = "dwarf-with-dsym";
				GCC_C_LANGUAGE_STANDARD = gnu99;
				GCC_ENABLE_OBJC_GC = supported;
				GCC_MODEL_TUNING = G5;
				GCC_PRECOMPILE_PREFIX_HEADER = YES;
				GCC_PREFIX_HEADER = prefix.pch;
				INSTALL_PATH = /usr/local/bin;
				PRODUCT_NAME = eyed;
			};
			name = Release;
		};
		1DEB926308733DCF0010E9CD /* Debug */ = {
			isa = XCBuildConfiguration;
			buildSettings = {
				ALWAYS_SEARCH_USER_PATHS = NO;
				ARCHS = "$(ARCHS_STANDARD_32_BIT)";
				GCC_OPTIMIZATION_LEVEL = 0;
				GCC_WARN_ABOUT_RETURN_TYPE = YES;
				GCC_WARN_UNUSED_VARIABLE = YES;
				ONLY_ACTIVE_ARCH = YES;
				PREBINDING = NO;
				SDKROOT = macosx10.5;
			};
			name = Debug;
		};
		1DEB926408733DCF0010E9CD /* Release */ = {
			isa = XCBuildConfiguration;
			buildSettings = {
				ALWAYS_SEARCH_USER_PATHS = NO;
				ARCHS = "$(ARCHS_STANDARD_32_BIT)";
				GCC_WARN_ABOUT_RETURN_TYPE = YES;
				GCC_WARN_UNUSED_VARIABLE = YES;
				PREBINDING = NO;
				SDKROOT = macosx10.5;
			};
			name = Release;
		};
/* End XCBuildConfiguration section */

/* Begin XCConfigurationList section */
		1DEB925E08733DCF0010E9CD /* Build configuration list for PBXNativeTarget "eyed" */ = {
			isa = XCConfigurationList;
			buildConfigurations = (
				1DEB925F08733DCF0010E9CD /* Debug */,
				1DEB926008733DCF0010E9CD /* Release */,
			);
			defaultConfigurationIsVisible = 0;
			defaultConfigurationName = Release;
		};
		1DEB926208733DCF0010E9CD /* Build configuration list for PBXProject "eyed" */ = {
			isa = XCConfigurationList;
			buildConfigurations = (
				1DEB926308733DCF0010E9CD /* Debug */,
				1DEB926408733DCF0010E9CD /* Release */,
			);
			defaultConfigurationIsVisible = 0;
			defaultConfigurationName = Release;
		};
/* End XCConfigurationList section */
	};
	rootObject = 08FB7793FE84155DC02AAC07 /* Project object */;
}
